// !$*UTF8*$!
{
	archiveVersion = 1;
	classes = {
	};
	objectVersion = 55;
	objects = {

/* Begin PBXBuildFile section */
		0F8553CEA70194169430C2C5 /* Pods_Renter_RenterUITests.framework in Frameworks */ = {isa = PBXBuildFile; fileRef = 0A24AE38C1D08A95CADD1B8A /* Pods_Renter_RenterUITests.framework */; };
		28EEEC23AEC847F1886A36D6 /* Pods_Renter.framework in Frameworks */ = {isa = PBXBuildFile; fileRef = EA93741ABB298C9AAD2C1F55 /* Pods_Renter.framework */; };
		63F5ABA954C84993496C31CA /* Pods_RenterTests.framework in Frameworks */ = {isa = PBXBuildFile; fileRef = 4B06BBEE2D943B683298A672 /* Pods_RenterTests.framework */; };
		F813501F2794553D007EA1C4 /* LoginPresenter.swift in Sources */ = {isa = PBXBuildFile; fileRef = F813501E2794553D007EA1C4 /* LoginPresenter.swift */; };
		F81350212794581F007EA1C4 /* AuthResponse.swift in Sources */ = {isa = PBXBuildFile; fileRef = F81350202794581F007EA1C4 /* AuthResponse.swift */; };
		F81350232794826D007EA1C4 /* Extension+UITextField.swift in Sources */ = {isa = PBXBuildFile; fileRef = F81350222794826D007EA1C4 /* Extension+UITextField.swift */; };
		F813502A27949E99007EA1C4 /* AccountPresenter.swift in Sources */ = {isa = PBXBuildFile; fileRef = F813502427949E99007EA1C4 /* AccountPresenter.swift */; };
		F813502C27949E99007EA1C4 /* AccountRouter.swift in Sources */ = {isa = PBXBuildFile; fileRef = F813502627949E99007EA1C4 /* AccountRouter.swift */; };
		F813502D27949E99007EA1C4 /* AccountModels.swift in Sources */ = {isa = PBXBuildFile; fileRef = F813502727949E99007EA1C4 /* AccountModels.swift */; };
		F813502E27949E99007EA1C4 /* AccountViewController.swift in Sources */ = {isa = PBXBuildFile; fileRef = F813502827949E99007EA1C4 /* AccountViewController.swift */; };
		F813502F27949E99007EA1C4 /* AccountInteractor.swift in Sources */ = {isa = PBXBuildFile; fileRef = F813502927949E99007EA1C4 /* AccountInteractor.swift */; };
		F813503627949EAF007EA1C4 /* HistoryPresenter.swift in Sources */ = {isa = PBXBuildFile; fileRef = F813503027949EAF007EA1C4 /* HistoryPresenter.swift */; };
		F813503727949EAF007EA1C4 /* HistoryWorker.swift in Sources */ = {isa = PBXBuildFile; fileRef = F813503127949EAF007EA1C4 /* HistoryWorker.swift */; };
		F813503827949EAF007EA1C4 /* HistoryRouter.swift in Sources */ = {isa = PBXBuildFile; fileRef = F813503227949EAF007EA1C4 /* HistoryRouter.swift */; };
		F813503927949EAF007EA1C4 /* HistoryModels.swift in Sources */ = {isa = PBXBuildFile; fileRef = F813503327949EAF007EA1C4 /* HistoryModels.swift */; };
		F813503A27949EAF007EA1C4 /* HistoryViewController.swift in Sources */ = {isa = PBXBuildFile; fileRef = F813503427949EAF007EA1C4 /* HistoryViewController.swift */; };
		F813503B27949EAF007EA1C4 /* HistoryInteractor.swift in Sources */ = {isa = PBXBuildFile; fileRef = F813503527949EAF007EA1C4 /* HistoryInteractor.swift */; };
		F813504227949EC6007EA1C4 /* CreateNewEntryPresenter.swift in Sources */ = {isa = PBXBuildFile; fileRef = F813503C27949EC6007EA1C4 /* CreateNewEntryPresenter.swift */; };
		F813504327949EC6007EA1C4 /* CreateNewEntryWorker.swift in Sources */ = {isa = PBXBuildFile; fileRef = F813503D27949EC6007EA1C4 /* CreateNewEntryWorker.swift */; };
		F813504427949EC6007EA1C4 /* CreateNewEntryRouter.swift in Sources */ = {isa = PBXBuildFile; fileRef = F813503E27949EC6007EA1C4 /* CreateNewEntryRouter.swift */; };
		F813504527949EC6007EA1C4 /* CreateNewEntryModels.swift in Sources */ = {isa = PBXBuildFile; fileRef = F813503F27949EC6007EA1C4 /* CreateNewEntryModels.swift */; };
		F813504627949EC6007EA1C4 /* CreateNewEntryViewController.swift in Sources */ = {isa = PBXBuildFile; fileRef = F813504027949EC6007EA1C4 /* CreateNewEntryViewController.swift */; };
		F813504727949EC6007EA1C4 /* CreateNewEntryInteractor.swift in Sources */ = {isa = PBXBuildFile; fileRef = F813504127949EC6007EA1C4 /* CreateNewEntryInteractor.swift */; };
		F813504A27949F12007EA1C4 /* MainTabsViewController.swift in Sources */ = {isa = PBXBuildFile; fileRef = F813504927949F12007EA1C4 /* MainTabsViewController.swift */; };
		F813504C2794A475007EA1C4 /* AccountConfigurator.swift in Sources */ = {isa = PBXBuildFile; fileRef = F813504B2794A475007EA1C4 /* AccountConfigurator.swift */; };
		F813504E2794A4E7007EA1C4 /* HistoryConfigrator.swift in Sources */ = {isa = PBXBuildFile; fileRef = F813504D2794A4E7007EA1C4 /* HistoryConfigrator.swift */; };
		F81350502794A520007EA1C4 /* CreateNewEntryConfigurator.swift in Sources */ = {isa = PBXBuildFile; fileRef = F813504F2794A520007EA1C4 /* CreateNewEntryConfigurator.swift */; };
		F81350532794B675007EA1C4 /* HistoryCollectionViewCell.swift in Sources */ = {isa = PBXBuildFile; fileRef = F81350522794B675007EA1C4 /* HistoryCollectionViewCell.swift */; };
		F81350552794B92A007EA1C4 /* HistoryResponse.swift in Sources */ = {isa = PBXBuildFile; fileRef = F81350542794B92A007EA1C4 /* HistoryResponse.swift */; };
		F81E64C8279D987F004B831E /* GroupedInputsView.swift in Sources */ = {isa = PBXBuildFile; fileRef = F81E64C7279D987F004B831E /* GroupedInputsView.swift */; };
		F81E64CA279DECD2004B831E /* RegisterPresenter.swift in Sources */ = {isa = PBXBuildFile; fileRef = F81E64C9279DECD2004B831E /* RegisterPresenter.swift */; };
		F81E64CC279DEFB9004B831E /* ComponentFactory.swift in Sources */ = {isa = PBXBuildFile; fileRef = F81E64CB279DEFB9004B831E /* ComponentFactory.swift */; };
		F843FEA327A6BF26005DD6FC /* Keys.swift in Sources */ = {isa = PBXBuildFile; fileRef = F843FEA227A6BF26005DD6FC /* Keys.swift */; };
		F843FEA627A6BFDA005DD6FC /* PasscodeViewController.swift in Sources */ = {isa = PBXBuildFile; fileRef = F843FEA527A6BFDA005DD6FC /* PasscodeViewController.swift */; };
		F843FEA827A6BFE8005DD6FC /* PasscodePresenter.swift in Sources */ = {isa = PBXBuildFile; fileRef = F843FEA727A6BFE8005DD6FC /* PasscodePresenter.swift */; };
		F843FEAA27A6C940005DD6FC /* KeychainData.swift in Sources */ = {isa = PBXBuildFile; fileRef = F843FEA927A6C940005DD6FC /* KeychainData.swift */; };
		F843FEAC27A6CE63005DD6FC /* PasscodeCollectionViewCell.swift in Sources */ = {isa = PBXBuildFile; fileRef = F843FEAB27A6CE63005DD6FC /* PasscodeCollectionViewCell.swift */; };
		F843FEAE27A6D131005DD6FC /* PinView.swift in Sources */ = {isa = PBXBuildFile; fileRef = F843FEAD27A6D131005DD6FC /* PinView.swift */; };
		F843FEB027A6D419005DD6FC /* GroupedPinView.swift in Sources */ = {isa = PBXBuildFile; fileRef = F843FEAF27A6D419005DD6FC /* GroupedPinView.swift */; };
		F843FEB327A6E6DE005DD6FC /* PasscodeCollectionViewCellViewModel.swift in Sources */ = {isa = PBXBuildFile; fileRef = F843FEB227A6E6DE005DD6FC /* PasscodeCollectionViewCellViewModel.swift */; };
		F843FEB527A6FC63005DD6FC /* SetPasscodePresenter.swift in Sources */ = {isa = PBXBuildFile; fileRef = F843FEB427A6FC63005DD6FC /* SetPasscodePresenter.swift */; };
		F8C89EE0279F3D64007A5B28 /* RegisterResponse.swift in Sources */ = {isa = PBXBuildFile; fileRef = F8C89EDF279F3D64007A5B28 /* RegisterResponse.swift */; };
		F8CA0FD12798A80E00EEEF8E /* AccountTableViewCell.swift in Sources */ = {isa = PBXBuildFile; fileRef = F8CA0FD02798A80E00EEEF8E /* AccountTableViewCell.swift */; };
		F8DBBB292795F82700414D7A /* EntryDetailsPresenter.swift in Sources */ = {isa = PBXBuildFile; fileRef = F8DBBB232795F82700414D7A /* EntryDetailsPresenter.swift */; };
		F8DBBB2B2795F82700414D7A /* EntryDetailsRouter.swift in Sources */ = {isa = PBXBuildFile; fileRef = F8DBBB252795F82700414D7A /* EntryDetailsRouter.swift */; };
		F8DBBB2C2795F82700414D7A /* EntryDetailsModels.swift in Sources */ = {isa = PBXBuildFile; fileRef = F8DBBB262795F82700414D7A /* EntryDetailsModels.swift */; };
		F8DBBB2D2795F82700414D7A /* EntryDetailsViewController.swift in Sources */ = {isa = PBXBuildFile; fileRef = F8DBBB272795F82700414D7A /* EntryDetailsViewController.swift */; };
		F8DBBB2E2795F82700414D7A /* EntryDetailsInteractor.swift in Sources */ = {isa = PBXBuildFile; fileRef = F8DBBB282795F82700414D7A /* EntryDetailsInteractor.swift */; };
		F8DBBB302795F91D00414D7A /* EntryDetailsConfigurator.swift in Sources */ = {isa = PBXBuildFile; fileRef = F8DBBB2F2795F91D00414D7A /* EntryDetailsConfigurator.swift */; };
		F8DBBB322795FAD500414D7A /* EntryDetailsCollectionViewCell.swift in Sources */ = {isa = PBXBuildFile; fileRef = F8DBBB312795FAD500414D7A /* EntryDetailsCollectionViewCell.swift */; };
		F8DBBB342796088F00414D7A /* EntryDetailsHeaderView.swift in Sources */ = {isa = PBXBuildFile; fileRef = F8DBBB332796088F00414D7A /* EntryDetailsHeaderView.swift */; };
		F8DBBB3627960DB600414D7A /* EntryDetailsFooterView.swift in Sources */ = {isa = PBXBuildFile; fileRef = F8DBBB3527960DB600414D7A /* EntryDetailsFooterView.swift */; };
		F8E6830B27A07C1700C8E8DB /* HistoryInteractorTests.swift in Sources */ = {isa = PBXBuildFile; fileRef = F8E6830A27A07C1700C8E8DB /* HistoryInteractorTests.swift */; };
		F8E6830D27A07E1800C8E8DB /* Seeds.swift in Sources */ = {isa = PBXBuildFile; fileRef = F8E6830C27A07E1800C8E8DB /* Seeds.swift */; };
		F8E6830F27A08B3000C8E8DB /* HistoryPresenterTests.swift in Sources */ = {isa = PBXBuildFile; fileRef = F8E6830E27A08B3000C8E8DB /* HistoryPresenterTests.swift */; };
		F8E6831127A08F4B00C8E8DB /* HistoryViewControllerTests.swift in Sources */ = {isa = PBXBuildFile; fileRef = F8E6831027A08F4B00C8E8DB /* HistoryViewControllerTests.swift */; };
		F8E9744E27A1DC8C009496F6 /* KeychainManager.swift in Sources */ = {isa = PBXBuildFile; fileRef = F8E9744D27A1DC8C009496F6 /* KeychainManager.swift */; };
		F8E9745027A1E1BA009496F6 /* KeychainManagerTests.swift in Sources */ = {isa = PBXBuildFile; fileRef = F8E9744F27A1E1BA009496F6 /* KeychainManagerTests.swift */; };
		F8EAE5882792F45800298DED /* AppDelegate.swift in Sources */ = {isa = PBXBuildFile; fileRef = F8EAE5872792F45800298DED /* AppDelegate.swift */; };
		F8EAE58A2792F45800298DED /* SceneDelegate.swift in Sources */ = {isa = PBXBuildFile; fileRef = F8EAE5892792F45800298DED /* SceneDelegate.swift */; };
		F8EAE58C2792F45800298DED /* ViewController.swift in Sources */ = {isa = PBXBuildFile; fileRef = F8EAE58B2792F45800298DED /* ViewController.swift */; };
		F8EAE5912792F45900298DED /* Assets.xcassets in Resources */ = {isa = PBXBuildFile; fileRef = F8EAE5902792F45900298DED /* Assets.xcassets */; };
		F8EAE5942792F45900298DED /* LaunchScreen.storyboard in Resources */ = {isa = PBXBuildFile; fileRef = F8EAE5922792F45900298DED /* LaunchScreen.storyboard */; };
		F8EAE5A92792F45900298DED /* RenterUITests.swift in Sources */ = {isa = PBXBuildFile; fileRef = F8EAE5A82792F45900298DED /* RenterUITests.swift */; };
		F8EAE5AB2792F45900298DED /* RenterUITestsLaunchTests.swift in Sources */ = {isa = PBXBuildFile; fileRef = F8EAE5AA2792F45900298DED /* RenterUITestsLaunchTests.swift */; };
		F8EAE5C52792FD4900298DED /* Coordinator.swift in Sources */ = {isa = PBXBuildFile; fileRef = F8EAE5C42792FD4900298DED /* Coordinator.swift */; };
		F8EAE5C72792FF3A00298DED /* LoginViewController.swift in Sources */ = {isa = PBXBuildFile; fileRef = F8EAE5C62792FF3A00298DED /* LoginViewController.swift */; };
		F8EAE5C92792FF4300298DED /* RegisterViewController.swift in Sources */ = {isa = PBXBuildFile; fileRef = F8EAE5C82792FF4300298DED /* RegisterViewController.swift */; };
		F8EAE5CB2793006600298DED /* MainCoordinator.swift in Sources */ = {isa = PBXBuildFile; fileRef = F8EAE5CA2793006600298DED /* MainCoordinator.swift */; };
		F8EAE5CF2793070E00298DED /* Extension+UIView.swift in Sources */ = {isa = PBXBuildFile; fileRef = F8EAE5CE2793070E00298DED /* Extension+UIView.swift */; };
		F8EAE5D12793072900298DED /* Extension+String.swift in Sources */ = {isa = PBXBuildFile; fileRef = F8EAE5D02793072900298DED /* Extension+String.swift */; };
		F8EAE5D32793074100298DED /* Extension+DateFormatter.swift in Sources */ = {isa = PBXBuildFile; fileRef = F8EAE5D22793074100298DED /* Extension+DateFormatter.swift */; };
		F8EAE5D52793085600298DED /* JWTDecoder.swift in Sources */ = {isa = PBXBuildFile; fileRef = F8EAE5D42793085600298DED /* JWTDecoder.swift */; };
		F8EAE5D727930CEE00298DED /* ApiManager.swift in Sources */ = {isa = PBXBuildFile; fileRef = F8EAE5D627930CEE00298DED /* ApiManager.swift */; };
		F8EAE5D92793117500298DED /* AuthManager.swift in Sources */ = {isa = PBXBuildFile; fileRef = F8EAE5D82793117500298DED /* AuthManager.swift */; };
		F8EAE5DB279311D300298DED /* User.swift in Sources */ = {isa = PBXBuildFile; fileRef = F8EAE5DA279311D300298DED /* User.swift */; };
		F8EAE5DD2793166300298DED /* Extension+NotificationCenter.Name.swift in Sources */ = {isa = PBXBuildFile; fileRef = F8EAE5DC2793166300298DED /* Extension+NotificationCenter.Name.swift */; };
		F8EAE5E0279328AF00298DED /* InputView.swift in Sources */ = {isa = PBXBuildFile; fileRef = F8EAE5DF279328AF00298DED /* InputView.swift */; };
		F8EAE5E2279330FE00298DED /* Constants.swift in Sources */ = {isa = PBXBuildFile; fileRef = F8EAE5E1279330FE00298DED /* Constants.swift */; };
/* End PBXBuildFile section */

/* Begin PBXContainerItemProxy section */
		F8EAE59B2792F45900298DED /* PBXContainerItemProxy */ = {
			isa = PBXContainerItemProxy;
			containerPortal = F8EAE57C2792F45800298DED /* Project object */;
			proxyType = 1;
			remoteGlobalIDString = F8EAE5832792F45800298DED;
			remoteInfo = Renter;
		};
		F8EAE5A52792F45900298DED /* PBXContainerItemProxy */ = {
			isa = PBXContainerItemProxy;
			containerPortal = F8EAE57C2792F45800298DED /* Project object */;
			proxyType = 1;
			remoteGlobalIDString = F8EAE5832792F45800298DED;
			remoteInfo = Renter;
		};
/* End PBXContainerItemProxy section */

/* Begin PBXFileReference section */
		0A24AE38C1D08A95CADD1B8A /* Pods_Renter_RenterUITests.framework */ = {isa = PBXFileReference; explicitFileType = wrapper.framework; includeInIndex = 0; path = Pods_Renter_RenterUITests.framework; sourceTree = BUILT_PRODUCTS_DIR; };
		298B2B9A6A14328D4D43984E /* Pods-Renter.release.xcconfig */ = {isa = PBXFileReference; includeInIndex = 1; lastKnownFileType = text.xcconfig; name = "Pods-Renter.release.xcconfig"; path = "Target Support Files/Pods-Renter/Pods-Renter.release.xcconfig"; sourceTree = "<group>"; };
		3C74DA46E9BA4A05FC3111E8 /* Pods-RenterTests.release.xcconfig */ = {isa = PBXFileReference; includeInIndex = 1; lastKnownFileType = text.xcconfig; name = "Pods-RenterTests.release.xcconfig"; path = "Target Support Files/Pods-RenterTests/Pods-RenterTests.release.xcconfig"; sourceTree = "<group>"; };
		3D36C4A604C31F8B59F6D658 /* Pods-RenterTests.debug.xcconfig */ = {isa = PBXFileReference; includeInIndex = 1; lastKnownFileType = text.xcconfig; name = "Pods-RenterTests.debug.xcconfig"; path = "Target Support Files/Pods-RenterTests/Pods-RenterTests.debug.xcconfig"; sourceTree = "<group>"; };
		4B06BBEE2D943B683298A672 /* Pods_RenterTests.framework */ = {isa = PBXFileReference; explicitFileType = wrapper.framework; includeInIndex = 0; path = Pods_RenterTests.framework; sourceTree = BUILT_PRODUCTS_DIR; };
		6652A4CF1C9C321E090C1CB7 /* Pods-Renter.debug.xcconfig */ = {isa = PBXFileReference; includeInIndex = 1; lastKnownFileType = text.xcconfig; name = "Pods-Renter.debug.xcconfig"; path = "Target Support Files/Pods-Renter/Pods-Renter.debug.xcconfig"; sourceTree = "<group>"; };
		7DE8405A160D36707A2CCAFD /* Pods-Renter-RenterUITests.debug.xcconfig */ = {isa = PBXFileReference; includeInIndex = 1; lastKnownFileType = text.xcconfig; name = "Pods-Renter-RenterUITests.debug.xcconfig"; path = "Target Support Files/Pods-Renter-RenterUITests/Pods-Renter-RenterUITests.debug.xcconfig"; sourceTree = "<group>"; };
		BD82B48C10DD3EDDF45C6819 /* Pods-Renter-RenterUITests.release.xcconfig */ = {isa = PBXFileReference; includeInIndex = 1; lastKnownFileType = text.xcconfig; name = "Pods-Renter-RenterUITests.release.xcconfig"; path = "Target Support Files/Pods-Renter-RenterUITests/Pods-Renter-RenterUITests.release.xcconfig"; sourceTree = "<group>"; };
		EA93741ABB298C9AAD2C1F55 /* Pods_Renter.framework */ = {isa = PBXFileReference; explicitFileType = wrapper.framework; includeInIndex = 0; path = Pods_Renter.framework; sourceTree = BUILT_PRODUCTS_DIR; };
		F813501E2794553D007EA1C4 /* LoginPresenter.swift */ = {isa = PBXFileReference; lastKnownFileType = sourcecode.swift; path = LoginPresenter.swift; sourceTree = "<group>"; };
		F81350202794581F007EA1C4 /* AuthResponse.swift */ = {isa = PBXFileReference; lastKnownFileType = sourcecode.swift; path = AuthResponse.swift; sourceTree = "<group>"; };
		F81350222794826D007EA1C4 /* Extension+UITextField.swift */ = {isa = PBXFileReference; lastKnownFileType = sourcecode.swift; path = "Extension+UITextField.swift"; sourceTree = "<group>"; };
		F813502427949E99007EA1C4 /* AccountPresenter.swift */ = {isa = PBXFileReference; lastKnownFileType = sourcecode.swift; path = AccountPresenter.swift; sourceTree = "<group>"; };
		F813502627949E99007EA1C4 /* AccountRouter.swift */ = {isa = PBXFileReference; lastKnownFileType = sourcecode.swift; path = AccountRouter.swift; sourceTree = "<group>"; };
		F813502727949E99007EA1C4 /* AccountModels.swift */ = {isa = PBXFileReference; lastKnownFileType = sourcecode.swift; path = AccountModels.swift; sourceTree = "<group>"; };
		F813502827949E99007EA1C4 /* AccountViewController.swift */ = {isa = PBXFileReference; lastKnownFileType = sourcecode.swift; path = AccountViewController.swift; sourceTree = "<group>"; };
		F813502927949E99007EA1C4 /* AccountInteractor.swift */ = {isa = PBXFileReference; lastKnownFileType = sourcecode.swift; path = AccountInteractor.swift; sourceTree = "<group>"; };
		F813503027949EAF007EA1C4 /* HistoryPresenter.swift */ = {isa = PBXFileReference; lastKnownFileType = sourcecode.swift; path = HistoryPresenter.swift; sourceTree = "<group>"; };
		F813503127949EAF007EA1C4 /* HistoryWorker.swift */ = {isa = PBXFileReference; lastKnownFileType = sourcecode.swift; path = HistoryWorker.swift; sourceTree = "<group>"; };
		F813503227949EAF007EA1C4 /* HistoryRouter.swift */ = {isa = PBXFileReference; lastKnownFileType = sourcecode.swift; path = HistoryRouter.swift; sourceTree = "<group>"; };
		F813503327949EAF007EA1C4 /* HistoryModels.swift */ = {isa = PBXFileReference; lastKnownFileType = sourcecode.swift; path = HistoryModels.swift; sourceTree = "<group>"; };
		F813503427949EAF007EA1C4 /* HistoryViewController.swift */ = {isa = PBXFileReference; lastKnownFileType = sourcecode.swift; path = HistoryViewController.swift; sourceTree = "<group>"; };
		F813503527949EAF007EA1C4 /* HistoryInteractor.swift */ = {isa = PBXFileReference; lastKnownFileType = sourcecode.swift; path = HistoryInteractor.swift; sourceTree = "<group>"; };
		F813503C27949EC6007EA1C4 /* CreateNewEntryPresenter.swift */ = {isa = PBXFileReference; lastKnownFileType = sourcecode.swift; path = CreateNewEntryPresenter.swift; sourceTree = "<group>"; };
		F813503D27949EC6007EA1C4 /* CreateNewEntryWorker.swift */ = {isa = PBXFileReference; lastKnownFileType = sourcecode.swift; path = CreateNewEntryWorker.swift; sourceTree = "<group>"; };
		F813503E27949EC6007EA1C4 /* CreateNewEntryRouter.swift */ = {isa = PBXFileReference; lastKnownFileType = sourcecode.swift; path = CreateNewEntryRouter.swift; sourceTree = "<group>"; };
		F813503F27949EC6007EA1C4 /* CreateNewEntryModels.swift */ = {isa = PBXFileReference; lastKnownFileType = sourcecode.swift; path = CreateNewEntryModels.swift; sourceTree = "<group>"; };
		F813504027949EC6007EA1C4 /* CreateNewEntryViewController.swift */ = {isa = PBXFileReference; lastKnownFileType = sourcecode.swift; path = CreateNewEntryViewController.swift; sourceTree = "<group>"; };
		F813504127949EC6007EA1C4 /* CreateNewEntryInteractor.swift */ = {isa = PBXFileReference; lastKnownFileType = sourcecode.swift; path = CreateNewEntryInteractor.swift; sourceTree = "<group>"; };
		F813504927949F12007EA1C4 /* MainTabsViewController.swift */ = {isa = PBXFileReference; lastKnownFileType = sourcecode.swift; path = MainTabsViewController.swift; sourceTree = "<group>"; };
		F813504B2794A475007EA1C4 /* AccountConfigurator.swift */ = {isa = PBXFileReference; lastKnownFileType = sourcecode.swift; path = AccountConfigurator.swift; sourceTree = "<group>"; };
		F813504D2794A4E7007EA1C4 /* HistoryConfigrator.swift */ = {isa = PBXFileReference; lastKnownFileType = sourcecode.swift; path = HistoryConfigrator.swift; sourceTree = "<group>"; };
		F813504F2794A520007EA1C4 /* CreateNewEntryConfigurator.swift */ = {isa = PBXFileReference; lastKnownFileType = sourcecode.swift; path = CreateNewEntryConfigurator.swift; sourceTree = "<group>"; };
		F81350522794B675007EA1C4 /* HistoryCollectionViewCell.swift */ = {isa = PBXFileReference; lastKnownFileType = sourcecode.swift; path = HistoryCollectionViewCell.swift; sourceTree = "<group>"; };
		F81350542794B92A007EA1C4 /* HistoryResponse.swift */ = {isa = PBXFileReference; lastKnownFileType = sourcecode.swift; path = HistoryResponse.swift; sourceTree = "<group>"; };
		F81E64C7279D987F004B831E /* GroupedInputsView.swift */ = {isa = PBXFileReference; lastKnownFileType = sourcecode.swift; path = GroupedInputsView.swift; sourceTree = "<group>"; };
		F81E64C9279DECD2004B831E /* RegisterPresenter.swift */ = {isa = PBXFileReference; lastKnownFileType = sourcecode.swift; path = RegisterPresenter.swift; sourceTree = "<group>"; };
		F81E64CB279DEFB9004B831E /* ComponentFactory.swift */ = {isa = PBXFileReference; lastKnownFileType = sourcecode.swift; path = ComponentFactory.swift; sourceTree = "<group>"; };
		F843FEA227A6BF26005DD6FC /* Keys.swift */ = {isa = PBXFileReference; lastKnownFileType = sourcecode.swift; path = Keys.swift; sourceTree = "<group>"; };
		F843FEA527A6BFDA005DD6FC /* PasscodeViewController.swift */ = {isa = PBXFileReference; lastKnownFileType = sourcecode.swift; path = PasscodeViewController.swift; sourceTree = "<group>"; };
		F843FEA727A6BFE8005DD6FC /* PasscodePresenter.swift */ = {isa = PBXFileReference; lastKnownFileType = sourcecode.swift; path = PasscodePresenter.swift; sourceTree = "<group>"; };
		F843FEA927A6C940005DD6FC /* KeychainData.swift */ = {isa = PBXFileReference; lastKnownFileType = sourcecode.swift; path = KeychainData.swift; sourceTree = "<group>"; };
		F843FEAB27A6CE63005DD6FC /* PasscodeCollectionViewCell.swift */ = {isa = PBXFileReference; lastKnownFileType = sourcecode.swift; path = PasscodeCollectionViewCell.swift; sourceTree = "<group>"; };
		F843FEAD27A6D131005DD6FC /* PinView.swift */ = {isa = PBXFileReference; lastKnownFileType = sourcecode.swift; path = PinView.swift; sourceTree = "<group>"; };
		F843FEAF27A6D419005DD6FC /* GroupedPinView.swift */ = {isa = PBXFileReference; lastKnownFileType = sourcecode.swift; path = GroupedPinView.swift; sourceTree = "<group>"; };
		F843FEB227A6E6DE005DD6FC /* PasscodeCollectionViewCellViewModel.swift */ = {isa = PBXFileReference; lastKnownFileType = sourcecode.swift; path = PasscodeCollectionViewCellViewModel.swift; sourceTree = "<group>"; };
		F843FEB427A6FC63005DD6FC /* SetPasscodePresenter.swift */ = {isa = PBXFileReference; lastKnownFileType = sourcecode.swift; path = SetPasscodePresenter.swift; sourceTree = "<group>"; };
		F8C89EDF279F3D64007A5B28 /* RegisterResponse.swift */ = {isa = PBXFileReference; lastKnownFileType = sourcecode.swift; path = RegisterResponse.swift; sourceTree = "<group>"; };
		F8CA0FD02798A80E00EEEF8E /* AccountTableViewCell.swift */ = {isa = PBXFileReference; lastKnownFileType = sourcecode.swift; path = AccountTableViewCell.swift; sourceTree = "<group>"; };
		F8DBBB232795F82700414D7A /* EntryDetailsPresenter.swift */ = {isa = PBXFileReference; lastKnownFileType = sourcecode.swift; path = EntryDetailsPresenter.swift; sourceTree = "<group>"; };
		F8DBBB252795F82700414D7A /* EntryDetailsRouter.swift */ = {isa = PBXFileReference; lastKnownFileType = sourcecode.swift; path = EntryDetailsRouter.swift; sourceTree = "<group>"; };
		F8DBBB262795F82700414D7A /* EntryDetailsModels.swift */ = {isa = PBXFileReference; lastKnownFileType = sourcecode.swift; path = EntryDetailsModels.swift; sourceTree = "<group>"; };
		F8DBBB272795F82700414D7A /* EntryDetailsViewController.swift */ = {isa = PBXFileReference; lastKnownFileType = sourcecode.swift; path = EntryDetailsViewController.swift; sourceTree = "<group>"; };
		F8DBBB282795F82700414D7A /* EntryDetailsInteractor.swift */ = {isa = PBXFileReference; lastKnownFileType = sourcecode.swift; path = EntryDetailsInteractor.swift; sourceTree = "<group>"; };
		F8DBBB2F2795F91D00414D7A /* EntryDetailsConfigurator.swift */ = {isa = PBXFileReference; lastKnownFileType = sourcecode.swift; path = EntryDetailsConfigurator.swift; sourceTree = "<group>"; };
		F8DBBB312795FAD500414D7A /* EntryDetailsCollectionViewCell.swift */ = {isa = PBXFileReference; lastKnownFileType = sourcecode.swift; path = EntryDetailsCollectionViewCell.swift; sourceTree = "<group>"; };
		F8DBBB332796088F00414D7A /* EntryDetailsHeaderView.swift */ = {isa = PBXFileReference; lastKnownFileType = sourcecode.swift; path = EntryDetailsHeaderView.swift; sourceTree = "<group>"; };
		F8DBBB3527960DB600414D7A /* EntryDetailsFooterView.swift */ = {isa = PBXFileReference; lastKnownFileType = sourcecode.swift; path = EntryDetailsFooterView.swift; sourceTree = "<group>"; };
		F8E6830A27A07C1700C8E8DB /* HistoryInteractorTests.swift */ = {isa = PBXFileReference; lastKnownFileType = sourcecode.swift; path = HistoryInteractorTests.swift; sourceTree = "<group>"; };
		F8E6830C27A07E1800C8E8DB /* Seeds.swift */ = {isa = PBXFileReference; lastKnownFileType = sourcecode.swift; path = Seeds.swift; sourceTree = "<group>"; };
		F8E6830E27A08B3000C8E8DB /* HistoryPresenterTests.swift */ = {isa = PBXFileReference; lastKnownFileType = sourcecode.swift; path = HistoryPresenterTests.swift; sourceTree = "<group>"; };
		F8E6831027A08F4B00C8E8DB /* HistoryViewControllerTests.swift */ = {isa = PBXFileReference; lastKnownFileType = sourcecode.swift; path = HistoryViewControllerTests.swift; sourceTree = "<group>"; };
		F8E9744D27A1DC8C009496F6 /* KeychainManager.swift */ = {isa = PBXFileReference; lastKnownFileType = sourcecode.swift; path = KeychainManager.swift; sourceTree = "<group>"; };
		F8E9744F27A1E1BA009496F6 /* KeychainManagerTests.swift */ = {isa = PBXFileReference; lastKnownFileType = sourcecode.swift; path = KeychainManagerTests.swift; sourceTree = "<group>"; };
		F8EAE5842792F45800298DED /* Renter.app */ = {isa = PBXFileReference; explicitFileType = wrapper.application; includeInIndex = 0; path = Renter.app; sourceTree = BUILT_PRODUCTS_DIR; };
		F8EAE5872792F45800298DED /* AppDelegate.swift */ = {isa = PBXFileReference; lastKnownFileType = sourcecode.swift; path = AppDelegate.swift; sourceTree = "<group>"; };
		F8EAE5892792F45800298DED /* SceneDelegate.swift */ = {isa = PBXFileReference; lastKnownFileType = sourcecode.swift; path = SceneDelegate.swift; sourceTree = "<group>"; };
		F8EAE58B2792F45800298DED /* ViewController.swift */ = {isa = PBXFileReference; lastKnownFileType = sourcecode.swift; path = ViewController.swift; sourceTree = "<group>"; };
		F8EAE5902792F45900298DED /* Assets.xcassets */ = {isa = PBXFileReference; lastKnownFileType = folder.assetcatalog; path = Assets.xcassets; sourceTree = "<group>"; };
		F8EAE5932792F45900298DED /* Base */ = {isa = PBXFileReference; lastKnownFileType = file.storyboard; name = Base; path = Base.lproj/LaunchScreen.storyboard; sourceTree = "<group>"; };
		F8EAE5952792F45900298DED /* Info.plist */ = {isa = PBXFileReference; lastKnownFileType = text.plist.xml; path = Info.plist; sourceTree = "<group>"; };
		F8EAE59A2792F45900298DED /* RenterTests.xctest */ = {isa = PBXFileReference; explicitFileType = wrapper.cfbundle; includeInIndex = 0; path = RenterTests.xctest; sourceTree = BUILT_PRODUCTS_DIR; };
		F8EAE5A42792F45900298DED /* RenterUITests.xctest */ = {isa = PBXFileReference; explicitFileType = wrapper.cfbundle; includeInIndex = 0; path = RenterUITests.xctest; sourceTree = BUILT_PRODUCTS_DIR; };
		F8EAE5A82792F45900298DED /* RenterUITests.swift */ = {isa = PBXFileReference; lastKnownFileType = sourcecode.swift; path = RenterUITests.swift; sourceTree = "<group>"; };
		F8EAE5AA2792F45900298DED /* RenterUITestsLaunchTests.swift */ = {isa = PBXFileReference; lastKnownFileType = sourcecode.swift; path = RenterUITestsLaunchTests.swift; sourceTree = "<group>"; };
		F8EAE5C42792FD4900298DED /* Coordinator.swift */ = {isa = PBXFileReference; lastKnownFileType = sourcecode.swift; path = Coordinator.swift; sourceTree = "<group>"; };
		F8EAE5C62792FF3A00298DED /* LoginViewController.swift */ = {isa = PBXFileReference; lastKnownFileType = sourcecode.swift; path = LoginViewController.swift; sourceTree = "<group>"; };
		F8EAE5C82792FF4300298DED /* RegisterViewController.swift */ = {isa = PBXFileReference; lastKnownFileType = sourcecode.swift; path = RegisterViewController.swift; sourceTree = "<group>"; };
		F8EAE5CA2793006600298DED /* MainCoordinator.swift */ = {isa = PBXFileReference; lastKnownFileType = sourcecode.swift; path = MainCoordinator.swift; sourceTree = "<group>"; };
		F8EAE5CE2793070E00298DED /* Extension+UIView.swift */ = {isa = PBXFileReference; lastKnownFileType = sourcecode.swift; path = "Extension+UIView.swift"; sourceTree = "<group>"; };
		F8EAE5D02793072900298DED /* Extension+String.swift */ = {isa = PBXFileReference; lastKnownFileType = sourcecode.swift; path = "Extension+String.swift"; sourceTree = "<group>"; };
		F8EAE5D22793074100298DED /* Extension+DateFormatter.swift */ = {isa = PBXFileReference; lastKnownFileType = sourcecode.swift; path = "Extension+DateFormatter.swift"; sourceTree = "<group>"; };
		F8EAE5D42793085600298DED /* JWTDecoder.swift */ = {isa = PBXFileReference; lastKnownFileType = sourcecode.swift; path = JWTDecoder.swift; sourceTree = "<group>"; };
		F8EAE5D627930CEE00298DED /* ApiManager.swift */ = {isa = PBXFileReference; lastKnownFileType = sourcecode.swift; path = ApiManager.swift; sourceTree = "<group>"; };
		F8EAE5D82793117500298DED /* AuthManager.swift */ = {isa = PBXFileReference; lastKnownFileType = sourcecode.swift; path = AuthManager.swift; sourceTree = "<group>"; };
		F8EAE5DA279311D300298DED /* User.swift */ = {isa = PBXFileReference; lastKnownFileType = sourcecode.swift; path = User.swift; sourceTree = "<group>"; };
		F8EAE5DC2793166300298DED /* Extension+NotificationCenter.Name.swift */ = {isa = PBXFileReference; lastKnownFileType = sourcecode.swift; path = "Extension+NotificationCenter.Name.swift"; sourceTree = "<group>"; };
		F8EAE5DF279328AF00298DED /* InputView.swift */ = {isa = PBXFileReference; lastKnownFileType = sourcecode.swift; path = InputView.swift; sourceTree = "<group>"; };
		F8EAE5E1279330FE00298DED /* Constants.swift */ = {isa = PBXFileReference; lastKnownFileType = sourcecode.swift; path = Constants.swift; sourceTree = "<group>"; };
/* End PBXFileReference section */

/* Begin PBXFrameworksBuildPhase section */
		F8EAE5812792F45800298DED /* Frameworks */ = {
			isa = PBXFrameworksBuildPhase;
			buildActionMask = 2147483647;
			files = (
				28EEEC23AEC847F1886A36D6 /* Pods_Renter.framework in Frameworks */,
			);
			runOnlyForDeploymentPostprocessing = 0;
		};
		F8EAE5972792F45900298DED /* Frameworks */ = {
			isa = PBXFrameworksBuildPhase;
			buildActionMask = 2147483647;
			files = (
				63F5ABA954C84993496C31CA /* Pods_RenterTests.framework in Frameworks */,
			);
			runOnlyForDeploymentPostprocessing = 0;
		};
		F8EAE5A12792F45900298DED /* Frameworks */ = {
			isa = PBXFrameworksBuildPhase;
			buildActionMask = 2147483647;
			files = (
				0F8553CEA70194169430C2C5 /* Pods_Renter_RenterUITests.framework in Frameworks */,
			);
			runOnlyForDeploymentPostprocessing = 0;
		};
/* End PBXFrameworksBuildPhase section */

/* Begin PBXGroup section */
		5343A4BBB6229546520E6B1D /* Pods */ = {
			isa = PBXGroup;
			children = (
				6652A4CF1C9C321E090C1CB7 /* Pods-Renter.debug.xcconfig */,
				298B2B9A6A14328D4D43984E /* Pods-Renter.release.xcconfig */,
				7DE8405A160D36707A2CCAFD /* Pods-Renter-RenterUITests.debug.xcconfig */,
				BD82B48C10DD3EDDF45C6819 /* Pods-Renter-RenterUITests.release.xcconfig */,
				3D36C4A604C31F8B59F6D658 /* Pods-RenterTests.debug.xcconfig */,
				3C74DA46E9BA4A05FC3111E8 /* Pods-RenterTests.release.xcconfig */,
			);
			name = Pods;
			path = Pods;
			sourceTree = "<group>";
		};
		C7E526156AE5BAB9127BF60B /* Frameworks */ = {
			isa = PBXGroup;
			children = (
				EA93741ABB298C9AAD2C1F55 /* Pods_Renter.framework */,
				0A24AE38C1D08A95CADD1B8A /* Pods_Renter_RenterUITests.framework */,
				4B06BBEE2D943B683298A672 /* Pods_RenterTests.framework */,
			);
			name = Frameworks;
			sourceTree = "<group>";
		};
		F813504827949EDF007EA1C4 /* Controllers */ = {
			isa = PBXGroup;
			children = (
				F8DBBB202795F7A300414D7A /* Tabs */,
			);
			path = Controllers;
			sourceTree = "<group>";
		};
		F81350512794B651007EA1C4 /* Cells */ = {
			isa = PBXGroup;
			children = (
				F81350522794B675007EA1C4 /* HistoryCollectionViewCell.swift */,
				F8DBBB312795FAD500414D7A /* EntryDetailsCollectionViewCell.swift */,
				F8CA0FD02798A80E00EEEF8E /* AccountTableViewCell.swift */,
				F843FEAB27A6CE63005DD6FC /* PasscodeCollectionViewCell.swift */,
			);
			path = Cells;
			sourceTree = "<group>";
		};
		F843FEA027A6BF12005DD6FC /* Keys */ = {
			isa = PBXGroup;
			children = (
				F843FEA227A6BF26005DD6FC /* Keys.swift */,
			);
			path = Keys;
			sourceTree = "<group>";
		};
		F843FEA427A6BFC3005DD6FC /* Passcode */ = {
			isa = PBXGroup;
			children = (
				F843FEA527A6BFDA005DD6FC /* PasscodeViewController.swift */,
				F843FEA727A6BFE8005DD6FC /* PasscodePresenter.swift */,
				F843FEB427A6FC63005DD6FC /* SetPasscodePresenter.swift */,
			);
			path = Passcode;
			sourceTree = "<group>";
		};
		F843FEB127A6E6C0005DD6FC /* ViewModels */ = {
			isa = PBXGroup;
			children = (
				F843FEB227A6E6DE005DD6FC /* PasscodeCollectionViewCellViewModel.swift */,
			);
			path = ViewModels;
			sourceTree = "<group>";
		};
		F8DBBB202795F7A300414D7A /* Tabs */ = {
			isa = PBXGroup;
			children = (
				F813504927949F12007EA1C4 /* MainTabsViewController.swift */,
			);
			path = Tabs;
			sourceTree = "<group>";
		};
		F8DBBB222795F80400414D7A /* EntryDetails */ = {
			isa = PBXGroup;
			children = (
				F8DBBB272795F82700414D7A /* EntryDetailsViewController.swift */,
				F8DBBB282795F82700414D7A /* EntryDetailsInteractor.swift */,
				F8DBBB232795F82700414D7A /* EntryDetailsPresenter.swift */,
				F8DBBB252795F82700414D7A /* EntryDetailsRouter.swift */,
				F8DBBB262795F82700414D7A /* EntryDetailsModels.swift */,
				F8DBBB2F2795F91D00414D7A /* EntryDetailsConfigurator.swift */,
			);
			path = EntryDetails;
			sourceTree = "<group>";
		};
		F8EAE57B2792F45800298DED = {
			isa = PBXGroup;
			children = (
				F8EAE5862792F45800298DED /* Renter */,
				F8EAE59D2792F45900298DED /* RenterTests */,
				F8EAE5A72792F45900298DED /* RenterUITests */,
				F8EAE5852792F45800298DED /* Products */,
				5343A4BBB6229546520E6B1D /* Pods */,
				C7E526156AE5BAB9127BF60B /* Frameworks */,
			);
			sourceTree = "<group>";
		};
		F8EAE5852792F45800298DED /* Products */ = {
			isa = PBXGroup;
			children = (
				F8EAE5842792F45800298DED /* Renter.app */,
				F8EAE59A2792F45900298DED /* RenterTests.xctest */,
				F8EAE5A42792F45900298DED /* RenterUITests.xctest */,
			);
			name = Products;
			sourceTree = "<group>";
		};
		F8EAE5862792F45800298DED /* Renter */ = {
			isa = PBXGroup;
			children = (
				F843FEA027A6BF12005DD6FC /* Keys */,
				F8EAE5C32792FD3E00298DED /* Coordinator */,
				F813504827949EDF007EA1C4 /* Controllers */,
				F8EAE5BA2792F5C100298DED /* Scenes */,
				F843FEB127A6E6C0005DD6FC /* ViewModels */,
				F8EAE5B92792F59E00298DED /* Views */,
				F8EAE5B82792F59600298DED /* Managers */,
				F8EAE5CC2793051000298DED /* Models */,
				F8EAE5CD279306F200298DED /* Extensions */,
				F8EAE5B72792F57700298DED /* Resourses */,
				F8EAE58B2792F45800298DED /* ViewController.swift */,
				F8EAE5952792F45900298DED /* Info.plist */,
			);
			path = Renter;
			sourceTree = "<group>";
		};
		F8EAE59D2792F45900298DED /* RenterTests */ = {
			isa = PBXGroup;
			children = (
				F8E6830A27A07C1700C8E8DB /* HistoryInteractorTests.swift */,
				F8E6830C27A07E1800C8E8DB /* Seeds.swift */,
				F8E6830E27A08B3000C8E8DB /* HistoryPresenterTests.swift */,
				F8E6831027A08F4B00C8E8DB /* HistoryViewControllerTests.swift */,
				F8E9744F27A1E1BA009496F6 /* KeychainManagerTests.swift */,
			);
			path = RenterTests;
			sourceTree = "<group>";
		};
		F8EAE5A72792F45900298DED /* RenterUITests */ = {
			isa = PBXGroup;
			children = (
				F8EAE5A82792F45900298DED /* RenterUITests.swift */,
				F8EAE5AA2792F45900298DED /* RenterUITestsLaunchTests.swift */,
			);
			path = RenterUITests;
			sourceTree = "<group>";
		};
		F8EAE5B72792F57700298DED /* Resourses */ = {
			isa = PBXGroup;
			children = (
				F8EAE5872792F45800298DED /* AppDelegate.swift */,
				F8EAE5892792F45800298DED /* SceneDelegate.swift */,
				F8EAE5E1279330FE00298DED /* Constants.swift */,
				F8EAE5902792F45900298DED /* Assets.xcassets */,
			);
			path = Resourses;
			sourceTree = "<group>";
		};
		F8EAE5B82792F59600298DED /* Managers */ = {
			isa = PBXGroup;
			children = (
				F8EAE5D42793085600298DED /* JWTDecoder.swift */,
				F8EAE5D627930CEE00298DED /* ApiManager.swift */,
				F8EAE5D82793117500298DED /* AuthManager.swift */,
				F81E64CB279DEFB9004B831E /* ComponentFactory.swift */,
				F8E9744D27A1DC8C009496F6 /* KeychainManager.swift */,
			);
			path = Managers;
			sourceTree = "<group>";
		};
		F8EAE5B92792F59E00298DED /* Views */ = {
			isa = PBXGroup;
			children = (
				F81350512794B651007EA1C4 /* Cells */,
				F8EAE5DE2793184B00298DED /* Storyboards */,
				F8EAE5DF279328AF00298DED /* InputView.swift */,
				F8DBBB332796088F00414D7A /* EntryDetailsHeaderView.swift */,
				F8DBBB3527960DB600414D7A /* EntryDetailsFooterView.swift */,
				F81E64C7279D987F004B831E /* GroupedInputsView.swift */,
				F843FEAD27A6D131005DD6FC /* PinView.swift */,
				F843FEAF27A6D419005DD6FC /* GroupedPinView.swift */,
			);
			path = Views;
			sourceTree = "<group>";
		};
		F8EAE5BA2792F5C100298DED /* Scenes */ = {
			isa = PBXGroup;
			children = (
				F843FEA427A6BFC3005DD6FC /* Passcode */,
				F8EAE5BB2792F5D000298DED /* Login */,
				F8EAE5BD2792F74200298DED /* Register */,
				F8EAE5BC2792F5E000298DED /* Account */,
				F8EAE5BE2792F74E00298DED /* History */,
				F8DBBB222795F80400414D7A /* EntryDetails */,
				F8EAE5BF2792F75800298DED /* CreateEntry */,
			);
			path = Scenes;
			sourceTree = "<group>";
		};
		F8EAE5BB2792F5D000298DED /* Login */ = {
			isa = PBXGroup;
			children = (
				F8EAE5C62792FF3A00298DED /* LoginViewController.swift */,
				F813501E2794553D007EA1C4 /* LoginPresenter.swift */,
			);
			path = Login;
			sourceTree = "<group>";
		};
		F8EAE5BC2792F5E000298DED /* Account */ = {
			isa = PBXGroup;
			children = (
				F813502827949E99007EA1C4 /* AccountViewController.swift */,
				F813502927949E99007EA1C4 /* AccountInteractor.swift */,
				F813502427949E99007EA1C4 /* AccountPresenter.swift */,
				F813502627949E99007EA1C4 /* AccountRouter.swift */,
				F813502727949E99007EA1C4 /* AccountModels.swift */,
				F813504B2794A475007EA1C4 /* AccountConfigurator.swift */,
			);
			path = Account;
			sourceTree = "<group>";
		};
		F8EAE5BD2792F74200298DED /* Register */ = {
			isa = PBXGroup;
			children = (
				F8EAE5C82792FF4300298DED /* RegisterViewController.swift */,
				F81E64C9279DECD2004B831E /* RegisterPresenter.swift */,
			);
			path = Register;
			sourceTree = "<group>";
		};
		F8EAE5BE2792F74E00298DED /* History */ = {
			isa = PBXGroup;
			children = (
				F813503427949EAF007EA1C4 /* HistoryViewController.swift */,
				F813503527949EAF007EA1C4 /* HistoryInteractor.swift */,
				F813503027949EAF007EA1C4 /* HistoryPresenter.swift */,
				F813503127949EAF007EA1C4 /* HistoryWorker.swift */,
				F813503227949EAF007EA1C4 /* HistoryRouter.swift */,
				F813503327949EAF007EA1C4 /* HistoryModels.swift */,
				F813504D2794A4E7007EA1C4 /* HistoryConfigrator.swift */,
			);
			path = History;
			sourceTree = "<group>";
		};
		F8EAE5BF2792F75800298DED /* CreateEntry */ = {
			isa = PBXGroup;
			children = (
				F813504027949EC6007EA1C4 /* CreateNewEntryViewController.swift */,
				F813504127949EC6007EA1C4 /* CreateNewEntryInteractor.swift */,
				F813503C27949EC6007EA1C4 /* CreateNewEntryPresenter.swift */,
				F813503D27949EC6007EA1C4 /* CreateNewEntryWorker.swift */,
				F813503E27949EC6007EA1C4 /* CreateNewEntryRouter.swift */,
				F813503F27949EC6007EA1C4 /* CreateNewEntryModels.swift */,
				F813504F2794A520007EA1C4 /* CreateNewEntryConfigurator.swift */,
			);
			path = CreateEntry;
			sourceTree = "<group>";
		};
		F8EAE5C32792FD3E00298DED /* Coordinator */ = {
			isa = PBXGroup;
			children = (
				F8EAE5C42792FD4900298DED /* Coordinator.swift */,
				F8EAE5CA2793006600298DED /* MainCoordinator.swift */,
			);
			path = Coordinator;
			sourceTree = "<group>";
		};
		F8EAE5CC2793051000298DED /* Models */ = {
			isa = PBXGroup;
			children = (
				F8EAE5DA279311D300298DED /* User.swift */,
				F81350202794581F007EA1C4 /* AuthResponse.swift */,
				F81350542794B92A007EA1C4 /* HistoryResponse.swift */,
				F8C89EDF279F3D64007A5B28 /* RegisterResponse.swift */,
				F843FEA927A6C940005DD6FC /* KeychainData.swift */,
			);
			path = Models;
			sourceTree = "<group>";
		};
		F8EAE5CD279306F200298DED /* Extensions */ = {
			isa = PBXGroup;
			children = (
				F8EAE5CE2793070E00298DED /* Extension+UIView.swift */,
				F8EAE5D02793072900298DED /* Extension+String.swift */,
				F8EAE5D22793074100298DED /* Extension+DateFormatter.swift */,
				F8EAE5DC2793166300298DED /* Extension+NotificationCenter.Name.swift */,
				F81350222794826D007EA1C4 /* Extension+UITextField.swift */,
			);
			path = Extensions;
			sourceTree = "<group>";
		};
		F8EAE5DE2793184B00298DED /* Storyboards */ = {
			isa = PBXGroup;
			children = (
				F8EAE5922792F45900298DED /* LaunchScreen.storyboard */,
			);
			path = Storyboards;
			sourceTree = "<group>";
		};
/* End PBXGroup section */

/* Begin PBXNativeTarget section */
		F8EAE5832792F45800298DED /* Renter */ = {
			isa = PBXNativeTarget;
			buildConfigurationList = F8EAE5AE2792F45900298DED /* Build configuration list for PBXNativeTarget "Renter" */;
			buildPhases = (
				3894A6272A4EA913176E84C0 /* [CP] Check Pods Manifest.lock */,
				F8EAE5802792F45800298DED /* Sources */,
				F8EAE5812792F45800298DED /* Frameworks */,
				F8EAE5822792F45800298DED /* Resources */,
				43EDA5EA1290AE5F91FF1716 /* [CP] Embed Pods Frameworks */,
			);
			buildRules = (
			);
			dependencies = (
			);
			name = Renter;
			productName = Renter;
			productReference = F8EAE5842792F45800298DED /* Renter.app */;
			productType = "com.apple.product-type.application";
		};
		F8EAE5992792F45900298DED /* RenterTests */ = {
			isa = PBXNativeTarget;
			buildConfigurationList = F8EAE5B12792F45900298DED /* Build configuration list for PBXNativeTarget "RenterTests" */;
			buildPhases = (
				4950FAD2C6B4AA9F8B2F3810 /* [CP] Check Pods Manifest.lock */,
				F8EAE5962792F45900298DED /* Sources */,
				F8EAE5972792F45900298DED /* Frameworks */,
				F8EAE5982792F45900298DED /* Resources */,
			);
			buildRules = (
			);
			dependencies = (
				F8EAE59C2792F45900298DED /* PBXTargetDependency */,
			);
			name = RenterTests;
			productName = RenterTests;
			productReference = F8EAE59A2792F45900298DED /* RenterTests.xctest */;
			productType = "com.apple.product-type.bundle.unit-test";
		};
		F8EAE5A32792F45900298DED /* RenterUITests */ = {
			isa = PBXNativeTarget;
			buildConfigurationList = F8EAE5B42792F45900298DED /* Build configuration list for PBXNativeTarget "RenterUITests" */;
			buildPhases = (
				1BE84961934299020E13A8AB /* [CP] Check Pods Manifest.lock */,
				F8EAE5A02792F45900298DED /* Sources */,
				F8EAE5A12792F45900298DED /* Frameworks */,
				F8EAE5A22792F45900298DED /* Resources */,
				EFDB2E8C82ED546AB9538C99 /* [CP] Embed Pods Frameworks */,
			);
			buildRules = (
			);
			dependencies = (
				F8EAE5A62792F45900298DED /* PBXTargetDependency */,
			);
			name = RenterUITests;
			productName = RenterUITests;
			productReference = F8EAE5A42792F45900298DED /* RenterUITests.xctest */;
			productType = "com.apple.product-type.bundle.ui-testing";
		};
/* End PBXNativeTarget section */

/* Begin PBXProject section */
		F8EAE57C2792F45800298DED /* Project object */ = {
			isa = PBXProject;
			attributes = {
				BuildIndependentTargetsInParallel = 1;
				LastSwiftUpdateCheck = 1320;
				LastUpgradeCheck = 1320;
				TargetAttributes = {
					F8EAE5832792F45800298DED = {
						CreatedOnToolsVersion = 13.2.1;
					};
					F8EAE5992792F45900298DED = {
						CreatedOnToolsVersion = 13.2.1;
						TestTargetID = F8EAE5832792F45800298DED;
					};
					F8EAE5A32792F45900298DED = {
						CreatedOnToolsVersion = 13.2.1;
						TestTargetID = F8EAE5832792F45800298DED;
					};
				};
			};
			buildConfigurationList = F8EAE57F2792F45800298DED /* Build configuration list for PBXProject "Renter" */;
			compatibilityVersion = "Xcode 13.0";
			developmentRegion = en;
			hasScannedForEncodings = 0;
			knownRegions = (
				en,
				Base,
			);
			mainGroup = F8EAE57B2792F45800298DED;
			productRefGroup = F8EAE5852792F45800298DED /* Products */;
			projectDirPath = "";
			projectRoot = "";
			targets = (
				F8EAE5832792F45800298DED /* Renter */,
				F8EAE5992792F45900298DED /* RenterTests */,
				F8EAE5A32792F45900298DED /* RenterUITests */,
			);
		};
/* End PBXProject section */

/* Begin PBXResourcesBuildPhase section */
		F8EAE5822792F45800298DED /* Resources */ = {
			isa = PBXResourcesBuildPhase;
			buildActionMask = 2147483647;
			files = (
				F8EAE5942792F45900298DED /* LaunchScreen.storyboard in Resources */,
				F8EAE5912792F45900298DED /* Assets.xcassets in Resources */,
			);
			runOnlyForDeploymentPostprocessing = 0;
		};
		F8EAE5982792F45900298DED /* Resources */ = {
			isa = PBXResourcesBuildPhase;
			buildActionMask = 2147483647;
			files = (
			);
			runOnlyForDeploymentPostprocessing = 0;
		};
		F8EAE5A22792F45900298DED /* Resources */ = {
			isa = PBXResourcesBuildPhase;
			buildActionMask = 2147483647;
			files = (
			);
			runOnlyForDeploymentPostprocessing = 0;
		};
/* End PBXResourcesBuildPhase section */

/* Begin PBXShellScriptBuildPhase section */
		1BE84961934299020E13A8AB /* [CP] Check Pods Manifest.lock */ = {
			isa = PBXShellScriptBuildPhase;
			buildActionMask = 2147483647;
			files = (
			);
			inputFileListPaths = (
			);
			inputPaths = (
				"${PODS_PODFILE_DIR_PATH}/Podfile.lock",
				"${PODS_ROOT}/Manifest.lock",
			);
			name = "[CP] Check Pods Manifest.lock";
			outputFileListPaths = (
			);
			outputPaths = (
				"$(DERIVED_FILE_DIR)/Pods-Renter-RenterUITests-checkManifestLockResult.txt",
			);
			runOnlyForDeploymentPostprocessing = 0;
			shellPath = /bin/sh;
			shellScript = "diff \"${PODS_PODFILE_DIR_PATH}/Podfile.lock\" \"${PODS_ROOT}/Manifest.lock\" > /dev/null\nif [ $? != 0 ] ; then\n    # print error to STDERR\n    echo \"error: The sandbox is not in sync with the Podfile.lock. Run 'pod install' or update your CocoaPods installation.\" >&2\n    exit 1\nfi\n# This output is used by Xcode 'outputs' to avoid re-running this script phase.\necho \"SUCCESS\" > \"${SCRIPT_OUTPUT_FILE_0}\"\n";
			showEnvVarsInLog = 0;
		};
		3894A6272A4EA913176E84C0 /* [CP] Check Pods Manifest.lock */ = {
			isa = PBXShellScriptBuildPhase;
			buildActionMask = 2147483647;
			files = (
			);
			inputFileListPaths = (
			);
			inputPaths = (
				"${PODS_PODFILE_DIR_PATH}/Podfile.lock",
				"${PODS_ROOT}/Manifest.lock",
			);
			name = "[CP] Check Pods Manifest.lock";
			outputFileListPaths = (
			);
			outputPaths = (
				"$(DERIVED_FILE_DIR)/Pods-Renter-checkManifestLockResult.txt",
			);
			runOnlyForDeploymentPostprocessing = 0;
			shellPath = /bin/sh;
			shellScript = "diff \"${PODS_PODFILE_DIR_PATH}/Podfile.lock\" \"${PODS_ROOT}/Manifest.lock\" > /dev/null\nif [ $? != 0 ] ; then\n    # print error to STDERR\n    echo \"error: The sandbox is not in sync with the Podfile.lock. Run 'pod install' or update your CocoaPods installation.\" >&2\n    exit 1\nfi\n# This output is used by Xcode 'outputs' to avoid re-running this script phase.\necho \"SUCCESS\" > \"${SCRIPT_OUTPUT_FILE_0}\"\n";
			showEnvVarsInLog = 0;
		};
		43EDA5EA1290AE5F91FF1716 /* [CP] Embed Pods Frameworks */ = {
			isa = PBXShellScriptBuildPhase;
			buildActionMask = 2147483647;
			files = (
			);
			inputFileListPaths = (
				"${PODS_ROOT}/Target Support Files/Pods-Renter/Pods-Renter-frameworks-${CONFIGURATION}-input-files.xcfilelist",
			);
			name = "[CP] Embed Pods Frameworks";
			outputFileListPaths = (
				"${PODS_ROOT}/Target Support Files/Pods-Renter/Pods-Renter-frameworks-${CONFIGURATION}-output-files.xcfilelist",
			);
			runOnlyForDeploymentPostprocessing = 0;
			shellPath = /bin/sh;
			shellScript = "\"${PODS_ROOT}/Target Support Files/Pods-Renter/Pods-Renter-frameworks.sh\"\n";
			showEnvVarsInLog = 0;
		};
		4950FAD2C6B4AA9F8B2F3810 /* [CP] Check Pods Manifest.lock */ = {
			isa = PBXShellScriptBuildPhase;
			buildActionMask = 2147483647;
			files = (
			);
			inputFileListPaths = (
			);
			inputPaths = (
				"${PODS_PODFILE_DIR_PATH}/Podfile.lock",
				"${PODS_ROOT}/Manifest.lock",
			);
			name = "[CP] Check Pods Manifest.lock";
			outputFileListPaths = (
			);
			outputPaths = (
				"$(DERIVED_FILE_DIR)/Pods-RenterTests-checkManifestLockResult.txt",
			);
			runOnlyForDeploymentPostprocessing = 0;
			shellPath = /bin/sh;
			shellScript = "diff \"${PODS_PODFILE_DIR_PATH}/Podfile.lock\" \"${PODS_ROOT}/Manifest.lock\" > /dev/null\nif [ $? != 0 ] ; then\n    # print error to STDERR\n    echo \"error: The sandbox is not in sync with the Podfile.lock. Run 'pod install' or update your CocoaPods installation.\" >&2\n    exit 1\nfi\n# This output is used by Xcode 'outputs' to avoid re-running this script phase.\necho \"SUCCESS\" > \"${SCRIPT_OUTPUT_FILE_0}\"\n";
			showEnvVarsInLog = 0;
		};
		EFDB2E8C82ED546AB9538C99 /* [CP] Embed Pods Frameworks */ = {
			isa = PBXShellScriptBuildPhase;
			buildActionMask = 2147483647;
			files = (
			);
			inputFileListPaths = (
				"${PODS_ROOT}/Target Support Files/Pods-Renter-RenterUITests/Pods-Renter-RenterUITests-frameworks-${CONFIGURATION}-input-files.xcfilelist",
			);
			name = "[CP] Embed Pods Frameworks";
			outputFileListPaths = (
				"${PODS_ROOT}/Target Support Files/Pods-Renter-RenterUITests/Pods-Renter-RenterUITests-frameworks-${CONFIGURATION}-output-files.xcfilelist",
			);
			runOnlyForDeploymentPostprocessing = 0;
			shellPath = /bin/sh;
			shellScript = "\"${PODS_ROOT}/Target Support Files/Pods-Renter-RenterUITests/Pods-Renter-RenterUITests-frameworks.sh\"\n";
			showEnvVarsInLog = 0;
		};
/* End PBXShellScriptBuildPhase section */

/* Begin PBXSourcesBuildPhase section */
		F8EAE5802792F45800298DED /* Sources */ = {
			isa = PBXSourcesBuildPhase;
			buildActionMask = 2147483647;
			files = (
				F8DBBB292795F82700414D7A /* EntryDetailsPresenter.swift in Sources */,
				F8EAE5C72792FF3A00298DED /* LoginViewController.swift in Sources */,
				F813503A27949EAF007EA1C4 /* HistoryViewController.swift in Sources */,
				F813502E27949E99007EA1C4 /* AccountViewController.swift in Sources */,
				F8EAE5E2279330FE00298DED /* Constants.swift in Sources */,
				F8DBBB322795FAD500414D7A /* EntryDetailsCollectionViewCell.swift in Sources */,
				F8DBBB302795F91D00414D7A /* EntryDetailsConfigurator.swift in Sources */,
				F813504C2794A475007EA1C4 /* AccountConfigurator.swift in Sources */,
				F81350552794B92A007EA1C4 /* HistoryResponse.swift in Sources */,
				F843FEAC27A6CE63005DD6FC /* PasscodeCollectionViewCell.swift in Sources */,
				F8EAE58C2792F45800298DED /* ViewController.swift in Sources */,
				F8EAE5CF2793070E00298DED /* Extension+UIView.swift in Sources */,
				F813504A27949F12007EA1C4 /* MainTabsViewController.swift in Sources */,
				F8EAE5D92793117500298DED /* AuthManager.swift in Sources */,
				F8E9744E27A1DC8C009496F6 /* KeychainManager.swift in Sources */,
				F8EAE5C92792FF4300298DED /* RegisterViewController.swift in Sources */,
				F8EAE5E0279328AF00298DED /* InputView.swift in Sources */,
				F8DBBB342796088F00414D7A /* EntryDetailsHeaderView.swift in Sources */,
				F81E64C8279D987F004B831E /* GroupedInputsView.swift in Sources */,
				F813504E2794A4E7007EA1C4 /* HistoryConfigrator.swift in Sources */,
				F8C89EE0279F3D64007A5B28 /* RegisterResponse.swift in Sources */,
				F843FEB327A6E6DE005DD6FC /* PasscodeCollectionViewCellViewModel.swift in Sources */,
				F813502A27949E99007EA1C4 /* AccountPresenter.swift in Sources */,
				F8EAE5D727930CEE00298DED /* ApiManager.swift in Sources */,
				F81E64CC279DEFB9004B831E /* ComponentFactory.swift in Sources */,
				F843FEA327A6BF26005DD6FC /* Keys.swift in Sources */,
				F813503627949EAF007EA1C4 /* HistoryPresenter.swift in Sources */,
				F8DBBB2D2795F82700414D7A /* EntryDetailsViewController.swift in Sources */,
				F843FEB527A6FC63005DD6FC /* SetPasscodePresenter.swift in Sources */,
				F8EAE5DD2793166300298DED /* Extension+NotificationCenter.Name.swift in Sources */,
				F813503927949EAF007EA1C4 /* HistoryModels.swift in Sources */,
				F8EAE5DB279311D300298DED /* User.swift in Sources */,
				F81E64CA279DECD2004B831E /* RegisterPresenter.swift in Sources */,
				F813502C27949E99007EA1C4 /* AccountRouter.swift in Sources */,
				F813504627949EC6007EA1C4 /* CreateNewEntryViewController.swift in Sources */,
				F81350212794581F007EA1C4 /* AuthResponse.swift in Sources */,
				F8EAE5C52792FD4900298DED /* Coordinator.swift in Sources */,
				F81350502794A520007EA1C4 /* CreateNewEntryConfigurator.swift in Sources */,
				F813502F27949E99007EA1C4 /* AccountInteractor.swift in Sources */,
				F813503727949EAF007EA1C4 /* HistoryWorker.swift in Sources */,
				F813504727949EC6007EA1C4 /* CreateNewEntryInteractor.swift in Sources */,
				F813503827949EAF007EA1C4 /* HistoryRouter.swift in Sources */,
				F8EAE5D12793072900298DED /* Extension+String.swift in Sources */,
				F81350232794826D007EA1C4 /* Extension+UITextField.swift in Sources */,
				F843FEAE27A6D131005DD6FC /* PinView.swift in Sources */,
				F813504427949EC6007EA1C4 /* CreateNewEntryRouter.swift in Sources */,
				F813501F2794553D007EA1C4 /* LoginPresenter.swift in Sources */,
				F813504327949EC6007EA1C4 /* CreateNewEntryWorker.swift in Sources */,
				F8EAE5D32793074100298DED /* Extension+DateFormatter.swift in Sources */,
				F8EAE5D52793085600298DED /* JWTDecoder.swift in Sources */,
				F8DBBB3627960DB600414D7A /* EntryDetailsFooterView.swift in Sources */,
				F843FEAA27A6C940005DD6FC /* KeychainData.swift in Sources */,
				F8EAE5882792F45800298DED /* AppDelegate.swift in Sources */,
				F8DBBB2B2795F82700414D7A /* EntryDetailsRouter.swift in Sources */,
				F8EAE5CB2793006600298DED /* MainCoordinator.swift in Sources */,
				F8EAE58A2792F45800298DED /* SceneDelegate.swift in Sources */,
				F813502D27949E99007EA1C4 /* AccountModels.swift in Sources */,
				F843FEA627A6BFDA005DD6FC /* PasscodeViewController.swift in Sources */,
				F813504527949EC6007EA1C4 /* CreateNewEntryModels.swift in Sources */,
				F813503B27949EAF007EA1C4 /* HistoryInteractor.swift in Sources */,
				F8DBBB2E2795F82700414D7A /* EntryDetailsInteractor.swift in Sources */,
				F813504227949EC6007EA1C4 /* CreateNewEntryPresenter.swift in Sources */,
				F843FEB027A6D419005DD6FC /* GroupedPinView.swift in Sources */,
				F843FEA827A6BFE8005DD6FC /* PasscodePresenter.swift in Sources */,
				F8CA0FD12798A80E00EEEF8E /* AccountTableViewCell.swift in Sources */,
				F81350532794B675007EA1C4 /* HistoryCollectionViewCell.swift in Sources */,
				F8DBBB2C2795F82700414D7A /* EntryDetailsModels.swift in Sources */,
			);
			runOnlyForDeploymentPostprocessing = 0;
		};
		F8EAE5962792F45900298DED /* Sources */ = {
			isa = PBXSourcesBuildPhase;
			buildActionMask = 2147483647;
			files = (
				F8E6830F27A08B3000C8E8DB /* HistoryPresenterTests.swift in Sources */,
				F8E9745027A1E1BA009496F6 /* KeychainManagerTests.swift in Sources */,
				F8E6830B27A07C1700C8E8DB /* HistoryInteractorTests.swift in Sources */,
				F8E6831127A08F4B00C8E8DB /* HistoryViewControllerTests.swift in Sources */,
				F8E6830D27A07E1800C8E8DB /* Seeds.swift in Sources */,
			);
			runOnlyForDeploymentPostprocessing = 0;
		};
		F8EAE5A02792F45900298DED /* Sources */ = {
			isa = PBXSourcesBuildPhase;
			buildActionMask = 2147483647;
			files = (
				F8EAE5AB2792F45900298DED /* RenterUITestsLaunchTests.swift in Sources */,
				F8EAE5A92792F45900298DED /* RenterUITests.swift in Sources */,
			);
			runOnlyForDeploymentPostprocessing = 0;
		};
/* End PBXSourcesBuildPhase section */

/* Begin PBXTargetDependency section */
		F8EAE59C2792F45900298DED /* PBXTargetDependency */ = {
			isa = PBXTargetDependency;
			target = F8EAE5832792F45800298DED /* Renter */;
			targetProxy = F8EAE59B2792F45900298DED /* PBXContainerItemProxy */;
		};
		F8EAE5A62792F45900298DED /* PBXTargetDependency */ = {
			isa = PBXTargetDependency;
			target = F8EAE5832792F45800298DED /* Renter */;
			targetProxy = F8EAE5A52792F45900298DED /* PBXContainerItemProxy */;
		};
/* End PBXTargetDependency section */

/* Begin PBXVariantGroup section */
		F8EAE5922792F45900298DED /* LaunchScreen.storyboard */ = {
			isa = PBXVariantGroup;
			children = (
				F8EAE5932792F45900298DED /* Base */,
			);
			name = LaunchScreen.storyboard;
			sourceTree = "<group>";
		};
/* End PBXVariantGroup section */

/* Begin XCBuildConfiguration section */
		F8EAE5AC2792F45900298DED /* Debug */ = {
			isa = XCBuildConfiguration;
			buildSettings = {
				ALWAYS_SEARCH_USER_PATHS = NO;
				CLANG_ANALYZER_NONNULL = YES;
				CLANG_ANALYZER_NUMBER_OBJECT_CONVERSION = YES_AGGRESSIVE;
				CLANG_CXX_LANGUAGE_STANDARD = "gnu++17";
				CLANG_CXX_LIBRARY = "libc++";
				CLANG_ENABLE_MODULES = YES;
				CLANG_ENABLE_OBJC_ARC = YES;
				CLANG_ENABLE_OBJC_WEAK = YES;
				CLANG_WARN_BLOCK_CAPTURE_AUTORELEASING = YES;
				CLANG_WARN_BOOL_CONVERSION = YES;
				CLANG_WARN_COMMA = YES;
				CLANG_WARN_CONSTANT_CONVERSION = YES;
				CLANG_WARN_DEPRECATED_OBJC_IMPLEMENTATIONS = YES;
				CLANG_WARN_DIRECT_OBJC_ISA_USAGE = YES_ERROR;
				CLANG_WARN_DOCUMENTATION_COMMENTS = YES;
				CLANG_WARN_EMPTY_BODY = YES;
				CLANG_WARN_ENUM_CONVERSION = YES;
				CLANG_WARN_INFINITE_RECURSION = YES;
				CLANG_WARN_INT_CONVERSION = YES;
				CLANG_WARN_NON_LITERAL_NULL_CONVERSION = YES;
				CLANG_WARN_OBJC_IMPLICIT_RETAIN_SELF = YES;
				CLANG_WARN_OBJC_LITERAL_CONVERSION = YES;
				CLANG_WARN_OBJC_ROOT_CLASS = YES_ERROR;
				CLANG_WARN_QUOTED_INCLUDE_IN_FRAMEWORK_HEADER = YES;
				CLANG_WARN_RANGE_LOOP_ANALYSIS = YES;
				CLANG_WARN_STRICT_PROTOTYPES = YES;
				CLANG_WARN_SUSPICIOUS_MOVE = YES;
				CLANG_WARN_UNGUARDED_AVAILABILITY = YES_AGGRESSIVE;
				CLANG_WARN_UNREACHABLE_CODE = YES;
				CLANG_WARN__DUPLICATE_METHOD_MATCH = YES;
				COPY_PHASE_STRIP = NO;
				DEBUG_INFORMATION_FORMAT = dwarf;
				ENABLE_STRICT_OBJC_MSGSEND = YES;
				ENABLE_TESTABILITY = YES;
				GCC_C_LANGUAGE_STANDARD = gnu11;
				GCC_DYNAMIC_NO_PIC = NO;
				GCC_NO_COMMON_BLOCKS = YES;
				GCC_OPTIMIZATION_LEVEL = 0;
				GCC_PREPROCESSOR_DEFINITIONS = (
					"DEBUG=1",
					"$(inherited)",
				);
				GCC_WARN_64_TO_32_BIT_CONVERSION = YES;
				GCC_WARN_ABOUT_RETURN_TYPE = YES_ERROR;
				GCC_WARN_UNDECLARED_SELECTOR = YES;
				GCC_WARN_UNINITIALIZED_AUTOS = YES_AGGRESSIVE;
				GCC_WARN_UNUSED_FUNCTION = YES;
				GCC_WARN_UNUSED_VARIABLE = YES;
				IPHONEOS_DEPLOYMENT_TARGET = 15.2;
				MTL_ENABLE_DEBUG_INFO = INCLUDE_SOURCE;
				MTL_FAST_MATH = YES;
				ONLY_ACTIVE_ARCH = YES;
				SDKROOT = iphoneos;
				SWIFT_ACTIVE_COMPILATION_CONDITIONS = DEBUG;
				SWIFT_OPTIMIZATION_LEVEL = "-Onone";
			};
			name = Debug;
		};
		F8EAE5AD2792F45900298DED /* Release */ = {
			isa = XCBuildConfiguration;
			buildSettings = {
				ALWAYS_SEARCH_USER_PATHS = NO;
				CLANG_ANALYZER_NONNULL = YES;
				CLANG_ANALYZER_NUMBER_OBJECT_CONVERSION = YES_AGGRESSIVE;
				CLANG_CXX_LANGUAGE_STANDARD = "gnu++17";
				CLANG_CXX_LIBRARY = "libc++";
				CLANG_ENABLE_MODULES = YES;
				CLANG_ENABLE_OBJC_ARC = YES;
				CLANG_ENABLE_OBJC_WEAK = YES;
				CLANG_WARN_BLOCK_CAPTURE_AUTORELEASING = YES;
				CLANG_WARN_BOOL_CONVERSION = YES;
				CLANG_WARN_COMMA = YES;
				CLANG_WARN_CONSTANT_CONVERSION = YES;
				CLANG_WARN_DEPRECATED_OBJC_IMPLEMENTATIONS = YES;
				CLANG_WARN_DIRECT_OBJC_ISA_USAGE = YES_ERROR;
				CLANG_WARN_DOCUMENTATION_COMMENTS = YES;
				CLANG_WARN_EMPTY_BODY = YES;
				CLANG_WARN_ENUM_CONVERSION = YES;
				CLANG_WARN_INFINITE_RECURSION = YES;
				CLANG_WARN_INT_CONVERSION = YES;
				CLANG_WARN_NON_LITERAL_NULL_CONVERSION = YES;
				CLANG_WARN_OBJC_IMPLICIT_RETAIN_SELF = YES;
				CLANG_WARN_OBJC_LITERAL_CONVERSION = YES;
				CLANG_WARN_OBJC_ROOT_CLASS = YES_ERROR;
				CLANG_WARN_QUOTED_INCLUDE_IN_FRAMEWORK_HEADER = YES;
				CLANG_WARN_RANGE_LOOP_ANALYSIS = YES;
				CLANG_WARN_STRICT_PROTOTYPES = YES;
				CLANG_WARN_SUSPICIOUS_MOVE = YES;
				CLANG_WARN_UNGUARDED_AVAILABILITY = YES_AGGRESSIVE;
				CLANG_WARN_UNREACHABLE_CODE = YES;
				CLANG_WARN__DUPLICATE_METHOD_MATCH = YES;
				COPY_PHASE_STRIP = NO;
				DEBUG_INFORMATION_FORMAT = "dwarf-with-dsym";
				ENABLE_NS_ASSERTIONS = NO;
				ENABLE_STRICT_OBJC_MSGSEND = YES;
				GCC_C_LANGUAGE_STANDARD = gnu11;
				GCC_NO_COMMON_BLOCKS = YES;
				GCC_WARN_64_TO_32_BIT_CONVERSION = YES;
				GCC_WARN_ABOUT_RETURN_TYPE = YES_ERROR;
				GCC_WARN_UNDECLARED_SELECTOR = YES;
				GCC_WARN_UNINITIALIZED_AUTOS = YES_AGGRESSIVE;
				GCC_WARN_UNUSED_FUNCTION = YES;
				GCC_WARN_UNUSED_VARIABLE = YES;
				IPHONEOS_DEPLOYMENT_TARGET = 15.2;
				MTL_ENABLE_DEBUG_INFO = NO;
				MTL_FAST_MATH = YES;
				SDKROOT = iphoneos;
				SWIFT_COMPILATION_MODE = wholemodule;
				SWIFT_OPTIMIZATION_LEVEL = "-O";
				VALIDATE_PRODUCT = YES;
			};
			name = Release;
		};
		F8EAE5AF2792F45900298DED /* Debug */ = {
			isa = XCBuildConfiguration;
			baseConfigurationReference = 6652A4CF1C9C321E090C1CB7 /* Pods-Renter.debug.xcconfig */;
			buildSettings = {
				ASSETCATALOG_COMPILER_APPICON_NAME = AppIcon;
				ASSETCATALOG_COMPILER_GLOBAL_ACCENT_COLOR_NAME = AccentColor;
				CODE_SIGN_STYLE = Automatic;
				CURRENT_PROJECT_VERSION = 1;
				DEVELOPMENT_TEAM = X9KNWKJCG9;
				GENERATE_INFOPLIST_FILE = YES;
				INFOPLIST_FILE = Renter/Info.plist;
				INFOPLIST_KEY_UIApplicationSupportsIndirectInputEvents = YES;
				INFOPLIST_KEY_UILaunchStoryboardName = LaunchScreen;
				INFOPLIST_KEY_UISupportedInterfaceOrientations = UIInterfaceOrientationPortrait;
				INFOPLIST_KEY_UISupportedInterfaceOrientations_iPad = "UIInterfaceOrientationPortrait UIInterfaceOrientationPortraitUpsideDown UIInterfaceOrientationLandscapeLeft UIInterfaceOrientationLandscapeRight";
				INFOPLIST_KEY_UISupportedInterfaceOrientations_iPhone = "UIInterfaceOrientationPortrait UIInterfaceOrientationLandscapeLeft UIInterfaceOrientationLandscapeRight";
				LD_RUNPATH_SEARCH_PATHS = (
					"$(inherited)",
					"@executable_path/Frameworks",
				);
				MARKETING_VERSION = 1.0;
				PRODUCT_BUNDLE_IDENTIFIER = com.oleg.efimov.renter.app.Renter;
				PRODUCT_NAME = "$(TARGET_NAME)";
				SWIFT_EMIT_LOC_STRINGS = YES;
				SWIFT_VERSION = 5.0;
				TARGETED_DEVICE_FAMILY = "1,2";
			};
			name = Debug;
		};
		F8EAE5B02792F45900298DED /* Release */ = {
			isa = XCBuildConfiguration;
			baseConfigurationReference = 298B2B9A6A14328D4D43984E /* Pods-Renter.release.xcconfig */;
			buildSettings = {
				ASSETCATALOG_COMPILER_APPICON_NAME = AppIcon;
				ASSETCATALOG_COMPILER_GLOBAL_ACCENT_COLOR_NAME = AccentColor;
				CODE_SIGN_STYLE = Automatic;
				CURRENT_PROJECT_VERSION = 1;
				DEVELOPMENT_TEAM = X9KNWKJCG9;
				GENERATE_INFOPLIST_FILE = YES;
				INFOPLIST_FILE = Renter/Info.plist;
				INFOPLIST_KEY_UIApplicationSupportsIndirectInputEvents = YES;
				INFOPLIST_KEY_UILaunchStoryboardName = LaunchScreen;
				INFOPLIST_KEY_UISupportedInterfaceOrientations = UIInterfaceOrientationPortrait;
				INFOPLIST_KEY_UISupportedInterfaceOrientations_iPad = "UIInterfaceOrientationPortrait UIInterfaceOrientationPortraitUpsideDown UIInterfaceOrientationLandscapeLeft UIInterfaceOrientationLandscapeRight";
				INFOPLIST_KEY_UISupportedInterfaceOrientations_iPhone = "UIInterfaceOrientationPortrait UIInterfaceOrientationLandscapeLeft UIInterfaceOrientationLandscapeRight";
				LD_RUNPATH_SEARCH_PATHS = (
					"$(inherited)",
					"@executable_path/Frameworks",
				);
				MARKETING_VERSION = 1.0;
				PRODUCT_BUNDLE_IDENTIFIER = com.oleg.efimov.renter.app.Renter;
				PRODUCT_NAME = "$(TARGET_NAME)";
				SWIFT_EMIT_LOC_STRINGS = YES;
				SWIFT_VERSION = 5.0;
				TARGETED_DEVICE_FAMILY = "1,2";
			};
			name = Release;
		};
		F8EAE5B22792F45900298DED /* Debug */ = {
			isa = XCBuildConfiguration;
			baseConfigurationReference = 3D36C4A604C31F8B59F6D658 /* Pods-RenterTests.debug.xcconfig */;
			buildSettings = {
				ALWAYS_EMBED_SWIFT_STANDARD_LIBRARIES = YES;
				BUNDLE_LOADER = "$(TEST_HOST)";
				CODE_SIGN_STYLE = Automatic;
				CURRENT_PROJECT_VERSION = 1;
				DEVELOPMENT_TEAM = X9KNWKJCG9;
				GENERATE_INFOPLIST_FILE = YES;
				IPHONEOS_DEPLOYMENT_TARGET = 15.2;
				MARKETING_VERSION = 1.0;
				PRODUCT_BUNDLE_IDENTIFIER = com.oleg.efimov.renter.app.RenterTests;
				PRODUCT_NAME = "$(TARGET_NAME)";
				SWIFT_EMIT_LOC_STRINGS = NO;
				SWIFT_VERSION = 5.0;
				TARGETED_DEVICE_FAMILY = "1,2";
				TEST_HOST = "$(BUILT_PRODUCTS_DIR)/Renter.app/Renter";
			};
			name = Debug;
		};
		F8EAE5B32792F45900298DED /* Release */ = {
			isa = XCBuildConfiguration;
			baseConfigurationReference = 3C74DA46E9BA4A05FC3111E8 /* Pods-RenterTests.release.xcconfig */;
			buildSettings = {
				ALWAYS_EMBED_SWIFT_STANDARD_LIBRARIES = YES;
				BUNDLE_LOADER = "$(TEST_HOST)";
				CODE_SIGN_STYLE = Automatic;
				CURRENT_PROJECT_VERSION = 1;
				DEVELOPMENT_TEAM = X9KNWKJCG9;
				GENERATE_INFOPLIST_FILE = YES;
				IPHONEOS_DEPLOYMENT_TARGET = 15.2;
				MARKETING_VERSION = 1.0;
				PRODUCT_BUNDLE_IDENTIFIER = com.oleg.efimov.renter.app.RenterTests;
				PRODUCT_NAME = "$(TARGET_NAME)";
				SWIFT_EMIT_LOC_STRINGS = NO;
				SWIFT_VERSION = 5.0;
				TARGETED_DEVICE_FAMILY = "1,2";
				TEST_HOST = "$(BUILT_PRODUCTS_DIR)/Renter.app/Renter";
			};
			name = Release;
		};
		F8EAE5B52792F45900298DED /* Debug */ = {
			isa = XCBuildConfiguration;
			baseConfigurationReference = 7DE8405A160D36707A2CCAFD /* Pods-Renter-RenterUITests.debug.xcconfig */;
			buildSettings = {
				ALWAYS_EMBED_SWIFT_STANDARD_LIBRARIES = YES;
				CODE_SIGN_STYLE = Automatic;
				CURRENT_PROJECT_VERSION = 1;
				DEVELOPMENT_TEAM = X9KNWKJCG9;
				GENERATE_INFOPLIST_FILE = YES;
				MARKETING_VERSION = 1.0;
				PRODUCT_BUNDLE_IDENTIFIER = com.oleg.efimov.renter.app.RenterUITests;
				PRODUCT_NAME = "$(TARGET_NAME)";
				SWIFT_EMIT_LOC_STRINGS = NO;
				SWIFT_VERSION = 5.0;
				TARGETED_DEVICE_FAMILY = "1,2";
				TEST_TARGET_NAME = Renter;
			};
			name = Debug;
		};
		F8EAE5B62792F45900298DED /* Release */ = {
			isa = XCBuildConfiguration;
			baseConfigurationReference = BD82B48C10DD3EDDF45C6819 /* Pods-Renter-RenterUITests.release.xcconfig */;
			buildSettings = {
				ALWAYS_EMBED_SWIFT_STANDARD_LIBRARIES = YES;
				CODE_SIGN_STYLE = Automatic;
				CURRENT_PROJECT_VERSION = 1;
				DEVELOPMENT_TEAM = X9KNWKJCG9;
				GENERATE_INFOPLIST_FILE = YES;
				MARKETING_VERSION = 1.0;
				PRODUCT_BUNDLE_IDENTIFIER = com.oleg.efimov.renter.app.RenterUITests;
				PRODUCT_NAME = "$(TARGET_NAME)";
				SWIFT_EMIT_LOC_STRINGS = NO;
				SWIFT_VERSION = 5.0;
				TARGETED_DEVICE_FAMILY = "1,2";
				TEST_TARGET_NAME = Renter;
			};
			name = Release;
		};
/* End XCBuildConfiguration section */

/* Begin XCConfigurationList section */
		F8EAE57F2792F45800298DED /* Build configuration list for PBXProject "Renter" */ = {
			isa = XCConfigurationList;
			buildConfigurations = (
				F8EAE5AC2792F45900298DED /* Debug */,
				F8EAE5AD2792F45900298DED /* Release */,
			);
			defaultConfigurationIsVisible = 0;
			defaultConfigurationName = Release;
		};
		F8EAE5AE2792F45900298DED /* Build configuration list for PBXNativeTarget "Renter" */ = {
			isa = XCConfigurationList;
			buildConfigurations = (
				F8EAE5AF2792F45900298DED /* Debug */,
				F8EAE5B02792F45900298DED /* Release */,
			);
			defaultConfigurationIsVisible = 0;
			defaultConfigurationName = Release;
		};
		F8EAE5B12792F45900298DED /* Build configuration list for PBXNativeTarget "RenterTests" */ = {
			isa = XCConfigurationList;
			buildConfigurations = (
				F8EAE5B22792F45900298DED /* Debug */,
				F8EAE5B32792F45900298DED /* Release */,
			);
			defaultConfigurationIsVisible = 0;
			defaultConfigurationName = Release;
		};
		F8EAE5B42792F45900298DED /* Build configuration list for PBXNativeTarget "RenterUITests" */ = {
			isa = XCConfigurationList;
			buildConfigurations = (
				F8EAE5B52792F45900298DED /* Debug */,
				F8EAE5B62792F45900298DED /* Release */,
			);
			defaultConfigurationIsVisible = 0;
			defaultConfigurationName = Release;
		};
/* End XCConfigurationList section */
	};
	rootObject = F8EAE57C2792F45800298DED /* Project object */;
}
